// !$*UTF8*$!
{
	archiveVersion = 1;
	classes = {
	};
	objectVersion = 48;
	objects = {

/* Begin PBXBuildFile section */
		E274507B20566AC00002D50B /* AppDelegate.swift in Sources */ = {isa = PBXBuildFile; fileRef = E274507A20566AC00002D50B /* AppDelegate.swift */; };
		E274507D20566AC00002D50B /* ViewController.swift in Sources */ = {isa = PBXBuildFile; fileRef = E274507C20566AC00002D50B /* ViewController.swift */; };
		E274508020566AC00002D50B /* Main.storyboard in Resources */ = {isa = PBXBuildFile; fileRef = E274507E20566AC00002D50B /* Main.storyboard */; };
		E274508220566AC00002D50B /* Assets.xcassets in Resources */ = {isa = PBXBuildFile; fileRef = E274508120566AC00002D50B /* Assets.xcassets */; };
		E274508520566AC00002D50B /* LaunchScreen.storyboard in Resources */ = {isa = PBXBuildFile; fileRef = E274508320566AC00002D50B /* LaunchScreen.storyboard */; };
		E274508D205686080002D50B /* star.xib in Resources */ = {isa = PBXBuildFile; fileRef = E274508C205686080002D50B /* star.xib */; };
		E274508F205686190002D50B /* star.swift in Sources */ = {isa = PBXBuildFile; fileRef = E274508E205686190002D50B /* star.swift */; };
		E27450912056A0DE0002D50B /* StarRatingView.xib in Resources */ = {isa = PBXBuildFile; fileRef = E27450902056A0DE0002D50B /* StarRatingView.xib */; };
		E27450932056A11F0002D50B /* StarRatingView.swift in Sources */ = {isa = PBXBuildFile; fileRef = E27450922056A11F0002D50B /* StarRatingView.swift */; };
		E282372B205BC6E600461BD5 /* StarMainControl.swift in Sources */ = {isa = PBXBuildFile; fileRef = E282372A205BC6E600461BD5 /* StarMainControl.swift */; };
		E282372D205BC7CF00461BD5 /* StarMainControl.xib in Resources */ = {isa = PBXBuildFile; fileRef = E282372C205BC7CF00461BD5 /* StarMainControl.xib */; };
/* End PBXBuildFile section */

/* Begin PBXFileReference section */
		E274507720566AC00002D50B /* StarRating.app */ = {isa = PBXFileReference; explicitFileType = wrapper.application; includeInIndex = 0; path = StarRating.app; sourceTree = BUILT_PRODUCTS_DIR; };
		E274507A20566AC00002D50B /* AppDelegate.swift */ = {isa = PBXFileReference; lastKnownFileType = sourcecode.swift; path = AppDelegate.swift; sourceTree = "<group>"; };
		E274507C20566AC00002D50B /* ViewController.swift */ = {isa = PBXFileReference; lastKnownFileType = sourcecode.swift; path = ViewController.swift; sourceTree = "<group>"; };
		E274507F20566AC00002D50B /* Base */ = {isa = PBXFileReference; lastKnownFileType = file.storyboard; name = Base; path = Base.lproj/Main.storyboard; sourceTree = "<group>"; };
		E274508120566AC00002D50B /* Assets.xcassets */ = {isa = PBXFileReference; lastKnownFileType = folder.assetcatalog; path = Assets.xcassets; sourceTree = "<group>"; };
		E274508420566AC00002D50B /* Base */ = {isa = PBXFileReference; lastKnownFileType = file.storyboard; name = Base; path = Base.lproj/LaunchScreen.storyboard; sourceTree = "<group>"; };
		E274508620566AC00002D50B /* Info.plist */ = {isa = PBXFileReference; lastKnownFileType = text.plist.xml; path = Info.plist; sourceTree = "<group>"; };
		E274508C205686080002D50B /* star.xib */ = {isa = PBXFileReference; lastKnownFileType = file.xib; path = star.xib; sourceTree = "<group>"; };
		E274508E205686190002D50B /* star.swift */ = {isa = PBXFileReference; lastKnownFileType = sourcecode.swift; path = star.swift; sourceTree = "<group>"; };
		E27450902056A0DE0002D50B /* StarRatingView.xib */ = {isa = PBXFileReference; lastKnownFileType = file.xib; path = StarRatingView.xib; sourceTree = "<group>"; };
		E27450922056A11F0002D50B /* StarRatingView.swift */ = {isa = PBXFileReference; lastKnownFileType = sourcecode.swift; path = StarRatingView.swift; sourceTree = "<group>"; };
		E282372A205BC6E600461BD5 /* StarMainControl.swift */ = {isa = PBXFileReference; lastKnownFileType = sourcecode.swift; path = StarMainControl.swift; sourceTree = "<group>"; };
		E282372C205BC7CF00461BD5 /* StarMainControl.xib */ = {isa = PBXFileReference; lastKnownFileType = file.xib; path = StarMainControl.xib; sourceTree = "<group>"; };
/* End PBXFileReference section */

/* Begin PBXFrameworksBuildPhase section */
		E274507420566AC00002D50B /* Frameworks */ = {
			isa = PBXFrameworksBuildPhase;
			buildActionMask = 2147483647;
			files = (
			);
			runOnlyForDeploymentPostprocessing = 0;
		};
/* End PBXFrameworksBuildPhase section */

/* Begin PBXGroup section */
		E274506E20566AC00002D50B = {
			isa = PBXGroup;
			children = (
				E274507920566AC00002D50B /* StarRating */,
				E274507820566AC00002D50B /* Products */,
			);
			sourceTree = "<group>";
		};
		E274507820566AC00002D50B /* Products */ = {
			isa = PBXGroup;
			children = (
				E274507720566AC00002D50B /* StarRating.app */,
			);
			name = Products;
			sourceTree = "<group>";
		};
		E274507920566AC00002D50B /* StarRating */ = {
			isa = PBXGroup;
			children = (
				E274507A20566AC00002D50B /* AppDelegate.swift */,
				E274507C20566AC00002D50B /* ViewController.swift */,
				E274507E20566AC00002D50B /* Main.storyboard */,
				E274508120566AC00002D50B /* Assets.xcassets */,
				E274508320566AC00002D50B /* LaunchScreen.storyboard */,
				E274508620566AC00002D50B /* Info.plist */,
				E274508C205686080002D50B /* star.xib */,
				E274508E205686190002D50B /* star.swift */,
				E27450902056A0DE0002D50B /* StarRatingView.xib */,
				E27450922056A11F0002D50B /* StarRatingView.swift */,
				E282372A205BC6E600461BD5 /* StarMainControl.swift */,
				E282372C205BC7CF00461BD5 /* StarMainControl.xib */,
			);
			path = StarRating;
			sourceTree = "<group>";
		};
/* End PBXGroup section */

/* Begin PBXNativeTarget section */
		E274507620566AC00002D50B /* StarRating */ = {
			isa = PBXNativeTarget;
			buildConfigurationList = E274508920566AC00002D50B /* Build configuration list for PBXNativeTarget "StarRating" */;
			buildPhases = (
				E274507320566AC00002D50B /* Sources */,
				E274507420566AC00002D50B /* Frameworks */,
				E274507520566AC00002D50B /* Resources */,
			);
			buildRules = (
			);
			dependencies = (
			);
			name = StarRating;
			productName = StarRating;
			productReference = E274507720566AC00002D50B /* StarRating.app */;
			productType = "com.apple.product-type.application";
		};
/* End PBXNativeTarget section */

/* Begin PBXProject section */
		E274506F20566AC00002D50B /* Project object */ = {
			isa = PBXProject;
			attributes = {
				LastSwiftUpdateCheck = 0920;
				LastUpgradeCheck = 0920;
				ORGANIZATIONNAME = "Vivek Gupta";
				TargetAttributes = {
					E274507620566AC00002D50B = {
						CreatedOnToolsVersion = 9.2;
						ProvisioningStyle = Automatic;
					};
				};
			};
			buildConfigurationList = E274507220566AC00002D50B /* Build configuration list for PBXProject "StarRating" */;
			compatibilityVersion = "Xcode 8.0";
			developmentRegion = en;
			hasScannedForEncodings = 0;
			knownRegions = (
				en,
				Base,
			);
			mainGroup = E274506E20566AC00002D50B;
			productRefGroup = E274507820566AC00002D50B /* Products */;
			projectDirPath = "";
			projectRoot = "";
			targets = (
				E274507620566AC00002D50B /* StarRating */,
			);
		};
/* End PBXProject section */

/* Begin PBXResourcesBuildPhase section */
		E274507520566AC00002D50B /* Resources */ = {
			isa = PBXResourcesBuildPhase;
			buildActionMask = 2147483647;
			files = (
				E274508520566AC00002D50B /* LaunchScreen.storyboard in Resources */,
				E274508220566AC00002D50B /* Assets.xcassets in Resources */,
				E282372D205BC7CF00461BD5 /* StarMainControl.xib in Resources */,
				E274508020566AC00002D50B /* Main.storyboard in Resources */,
				E27450912056A0DE0002D50B /* StarRatingView.xib in Resources */,
				E274508D205686080002D50B /* star.xib in Resources */,
			);
			runOnlyForDeploymentPostprocessing = 0;
		};
/* End PBXResourcesBuildPhase section */

/* Begin PBXSourcesBuildPhase section */
		E274507320566AC00002D50B /* Sources */ = {
			isa = PBXSourcesBuildPhase;
			buildActionMask = 2147483647;
			files = (
				E274507D20566AC00002D50B /* ViewController.swift in Sources */,
				E27450932056A11F0002D50B /* StarRatingView.swift in Sources */,
				E282372B205BC6E600461BD5 /* StarMainControl.swift in Sources */,
				E274507B20566AC00002D50B /* AppDelegate.swift in Sources */,
				E274508F205686190002D50B /* star.swift in Sources */,
			);
			runOnlyForDeploymentPostprocessing = 0;
		};
/* End PBXSourcesBuildPhase section */

/* Begin PBXVariantGroup section */
		E274507E20566AC00002D50B /* Main.storyboard */ = {
			isa = PBXVariantGroup;
			children = (
				E274507F20566AC00002D50B /* Base */,
			);
			name = Main.storyboard;
			sourceTree = "<group>";
		};
		E274508320566AC00002D50B /* LaunchScreen.storyboard */ = {
			isa = PBXVariantGroup;
			children = (
				E274508420566AC00002D50B /* Base */,
			);
			name = LaunchScreen.storyboard;
			sourceTree = "<group>";
		};
/* End PBXVariantGroup section */

/* Begin XCBuildConfiguration section */
		E274508720566AC00002D50B /* Debug */ = {
			isa = XCBuildConfiguration;
			buildSettings = {
				ALWAYS_SEARCH_USER_PATHS = NO;
				CLANG_ANALYZER_NONNULL = YES;
				CLANG_ANALYZER_NUMBER_OBJECT_CONVERSION = YES_AGGRESSIVE;
				CLANG_CXX_LANGUAGE_STANDARD = "gnu++14";
				CLANG_CXX_LIBRARY = "libc++";
				CLANG_ENABLE_MODULES = YES;
				CLANG_ENABLE_OBJC_ARC = YES;
				CLANG_WARN_BLOCK_CAPTURE_AUTORELEASING = YES;
				CLANG_WARN_BOOL_CONVERSION = YES;
				CLANG_WARN_COMMA = YES;
				CLANG_WARN_CONSTANT_CONVERSION = YES;
				CLANG_WARN_DIRECT_OBJC_ISA_USAGE = YES_ERROR;
				CLANG_WARN_DOCUMENTATION_COMMENTS = YES;
				CLANG_WARN_EMPTY_BODY = YES;
				CLANG_WARN_ENUM_CONVERSION = YES;
				CLANG_WARN_INFINITE_RECURSION = YES;
				CLANG_WARN_INT_CONVERSION = YES;
				CLANG_WARN_NON_LITERAL_NULL_CONVERSION = YES;
				CLANG_WARN_OBJC_LITERAL_CONVERSION = YES;
				CLANG_WARN_OBJC_ROOT_CLASS = YES_ERROR;
				CLANG_WARN_RANGE_LOOP_ANALYSIS = YES;
				CLANG_WARN_STRICT_PROTOTYPES = YES;
				CLANG_WARN_SUSPICIOUS_MOVE = YES;
				CLANG_WARN_UNGUARDED_AVAILABILITY = YES_AGGRESSIVE;
				CLANG_WARN_UNREACHABLE_CODE = YES;
				CLANG_WARN__DUPLICATE_METHOD_MATCH = YES;
				CODE_SIGN_IDENTITY = "iPhone Developer";
				COPY_PHASE_STRIP = NO;
				DEBUG_INFORMATION_FORMAT = dwarf;
				ENABLE_STRICT_OBJC_MSGSEND = YES;
				ENABLE_TESTABILITY = YES;
				GCC_C_LANGUAGE_STANDARD = gnu11;
				GCC_DYNAMIC_NO_PIC = NO;
				GCC_NO_COMMON_BLOCKS = YES;
				GCC_OPTIMIZATION_LEVEL = 0;
				GCC_PREPROCESSOR_DEFINITIONS = (
					"DEBUG=1",
					"$(inherited)",
				);
				GCC_WARN_64_TO_32_BIT_CONVERSION = YES;
				GCC_WARN_ABOUT_RETURN_TYPE = YES_ERROR;
				GCC_WARN_UNDECLARED_SELECTOR = YES;
				GCC_WARN_UNINITIALIZED_AUTOS = YES_AGGRESSIVE;
				GCC_WARN_UNUSED_FUNCTION = YES;
				GCC_WARN_UNUSED_VARIABLE = YES;
				IPHONEOS_DEPLOYMENT_TARGET = 11.2;
				MTL_ENABLE_DEBUG_INFO = YES;
				ONLY_ACTIVE_ARCH = YES;
				SDKROOT = iphoneos;
				SWIFT_ACTIVE_COMPILATION_CONDITIONS = DEBUG;
				SWIFT_OPTIMIZATION_LEVEL = "-Onone";
			};
			name = Debug;
		};
		E274508820566AC00002D50B /* Release */ = {
			isa = XCBuildConfiguration;
			buildSettings = {
				ALWAYS_SEARCH_USER_PATHS = NO;
				CLANG_ANALYZER_NONNULL = YES;
				CLANG_ANALYZER_NUMBER_OBJECT_CONVERSION = YES_AGGRESSIVE;
				CLANG_CXX_LANGUAGE_STANDARD = "gnu++14";
				CLANG_CXX_LIBRARY = "libc++";
				CLANG_ENABLE_MODULES = YES;
				CLANG_ENABLE_OBJC_ARC = YES;
				CLANG_WARN_BLOCK_CAPTURE_AUTORELEASING = YES;
				CLANG_WARN_BOOL_CONVERSION = YES;
				CLANG_WARN_COMMA = YES;
				CLANG_WARN_CONSTANT_CONVERSION = YES;
				CLANG_WARN_DIRECT_OBJC_ISA_USAGE = YES_ERROR;
				CLANG_WARN_DOCUMENTATION_COMMENTS = YES;
				CLANG_WARN_EMPTY_BODY = YES;
				CLANG_WARN_ENUM_CONVERSION = YES;
				CLANG_WARN_INFINITE_RECURSION = YES;
				CLANG_WARN_INT_CONVERSION = YES;
				CLANG_WARN_NON_LITERAL_NULL_CONVERSION = YES;
				CLANG_WARN_OBJC_LITERAL_CONVERSION = YES;
				CLANG_WARN_OBJC_ROOT_CLASS = YES_ERROR;
				CLANG_WARN_RANGE_LOOP_ANALYSIS = YES;
				CLANG_WARN_STRICT_PROTOTYPES = YES;
				CLANG_WARN_SUSPICIOUS_MOVE = YES;
				CLANG_WARN_UNGUARDED_AVAILABILITY = YES_AGGRESSIVE;
				CLANG_WARN_UNREACHABLE_CODE = YES;
				CLANG_WARN__DUPLICATE_METHOD_MATCH = YES;
				CODE_SIGN_IDENTITY = "iPhone Developer";
				COPY_PHASE_STRIP = NO;
				DEBUG_INFORMATION_FORMAT = "dwarf-with-dsym";
				ENABLE_NS_ASSERTIONS = NO;
				ENABLE_STRICT_OBJC_MSGSEND = YES;
				GCC_C_LANGUAGE_STANDARD = gnu11;
				GCC_NO_COMMON_BLOCKS = YES;
				GCC_WARN_64_TO_32_BIT_CONVERSION = YES;
				GCC_WARN_ABOUT_RETURN_TYPE = YES_ERROR;
				GCC_WARN_UNDECLARED_SELECTOR = YES;
				GCC_WARN_UNINITIALIZED_AUTOS = YES_AGGRESSIVE;
				GCC_WARN_UNUSED_FUNCTION = YES;
				GCC_WARN_UNUSED_VARIABLE = YES;
				IPHONEOS_DEPLOYMENT_TARGET = 11.2;
				MTL_ENABLE_DEBUG_INFO = NO;
				SDKROOT = iphoneos;
				SWIFT_OPTIMIZATION_LEVEL = "-Owholemodule";
				VALIDATE_PRODUCT = YES;
			};
			name = Release;
		};
		E274508A20566AC00002D50B /* Debug */ = {
			isa = XCBuildConfiguration;
			buildSettings = {
				ASSETCATALOG_COMPILER_APPICON_NAME = AppIcon;
				CODE_SIGN_STYLE = Automatic;
				INFOPLIST_FILE = StarRating/Info.plist;
				LD_RUNPATH_SEARCH_PATHS = "$(inherited) @executable_path/Frameworks";
				PRODUCT_BUNDLE_IDENTIFIER = vivek.StarRating;
				PRODUCT_NAME = "$(TARGET_NAME)";
				SWIFT_VERSION = 4.0;
				TARGETED_DEVICE_FAMILY = "1,2";
			};
			name = Debug;
		};
		E274508B20566AC00002D50B /* Release */ = {
			isa = XCBuildConfiguration;
			buildSettings = {
				ASSETCATALOG_COMPILER_APPICON_NAME = AppIcon;
				CODE_SIGN_STYLE = Automatic;
				INFOPLIST_FILE = StarRating/Info.plist;
				LD_RUNPATH_SEARCH_PATHS = "$(inherited) @executable_path/Frameworks";
				PRODUCT_BUNDLE_IDENTIFIER = vivek.StarRating;
				PRODUCT_NAME = "$(TARGET_NAME)";
				SWIFT_VERSION = 4.0;
				TARGETED_DEVICE_FAMILY = "1,2";
			};
			name = Release;
		};
/* End XCBuildConfiguration section */

/* Begin XCConfigurationList section */
		E274507220566AC00002D50B /* Build configuration list for PBXProject "StarRating" */ = {
			isa = XCConfigurationList;
			buildConfigurations = (
				E274508720566AC00002D50B /* Debug */,
				E274508820566AC00002D50B /* Release */,
			);
			defaultConfigurationIsVisible = 0;
			defaultConfigurationName = Release;
		};
		E274508920566AC00002D50B /* Build configuration list for PBXNativeTarget "StarRating" */ = {
			isa = XCConfigurationList;
			buildConfigurations = (
				E274508A20566AC00002D50B /* Debug */,
				E274508B20566AC00002D50B /* Release */,
			);
			defaultConfigurationIsVisible = 0;
			defaultConfigurationName = Release;
		};
/* End XCConfigurationList section */
	};
	rootObject = E274506F20566AC00002D50B /* Project object */;
}
